
Microsoft Visual Studio Solution File, Format Version 12.00
# Visual Studio Version 17
VisualStudioVersion = 17.8.34511.84
MinimumVisualStudioVersion = 10.0.40219.1
Project("{FAE04EC0-301F-11D3-BF4B-00C04F79EFBC}") = "ConsoleCalculator", "Byndyusoft Test Task\ConsoleCalculator.csproj", "{A9022BAF-BC72-4439-9408-9AA807B61C44}"
EndProject
Project("{FAE04EC0-301F-11D3-BF4B-00C04F79EFBC}") = "ConsoleCalculator.Core", "ConsoleCalculator.Core\ConsoleCalculator.Core.csproj", "{4C29C1AA-45F7-4BD8-B98B-C4856FCE3306}"
EndProject
Global
	GlobalSection(SolutionConfigurationPlatforms) = preSolution
		Debug|Any CPU = Debug|Any CPU
		Release|Any CPU = Release|Any CPU
	EndGlobalSection
	GlobalSection(ProjectConfigurationPlatforms) = postSolution
		{A9022BAF-BC72-4439-9408-9AA807B61C44}.Debug|Any CPU.ActiveCfg = Debug|Any CPU
		{A9022BAF-BC72-4439-9408-9AA807B61C44}.Debug|Any CPU.Build.0 = Debug|Any CPU
		{A9022BAF-BC72-4439-9408-9AA807B61C44}.Release|Any CPU.ActiveCfg = Release|Any CPU
		{A9022BAF-BC72-4439-9408-9AA807B61C44}.Release|Any CPU.Build.0 = Release|Any CPU
		{4C29C1AA-45F7-4BD8-B98B-C4856FCE3306}.Debug|Any CPU.ActiveCfg = Debug|Any CPU
		{4C29C1AA-45F7-4BD8-B98B-C4856FCE3306}.Debug|Any CPU.Build.0 = Debug|Any CPU
		{4C29C1AA-45F7-4BD8-B98B-C4856FCE3306}.Release|Any CPU.ActiveCfg = Release|Any CPU
		{4C29C1AA-45F7-4BD8-B98B-C4856FCE3306}.Release|Any CPU.Build.0 = Release|Any CPU
	EndGlobalSection
	GlobalSection(SolutionProperties) = preSolution
		HideSolutionNode = FALSE
	EndGlobalSection
	GlobalSection(ExtensibilityGlobals) = postSolution
		SolutionGuid = {9995A0AD-3EAE-44AE-9BAD-A12AC5E261E4}
	EndGlobalSection
EndGlobal
